# THIS IS AN AUTOGENERATED FILE. DO NOT EDIT THIS FILE DIRECTLY.
# yarn lockfile v1


foundation-sites@6.4.3:
  version "6.4.3"
  resolved "https://registry.yarnpkg.com/foundation-sites/-/foundation-sites-6.4.3.tgz#ea89eb599badf6f03dd526c51f00bdb942a844f6"
  dependencies:
    jquery ">=3.0.0"
    what-input "^4.1.3"

jquery@>=3.0.0:
  version "3.2.1"
  resolved "https://registry.yarnpkg.com/jquery/-/jquery-3.2.1.tgz#5c4d9de652af6cd0a770154a631bba12b015c787"

ladda@^1.0.5:
  version "1.0.5"
  resolved "https://registry.yarnpkg.com/ladda/-/ladda-1.0.5.tgz#3fc33066516615c0bc73d3740d12e31a554a57da"
  dependencies:
    spin.js "^2.0.0"

pym.js@latest:
  version "1.3.1"
  resolved "https://registry.yarnpkg.com/pym.js/-/pym.js-1.3.1.tgz#140cfa9b4bda2e13613e89683e5551c4ce2ac9c4"

spin.js@^2.0.0:
  version "2.3.2"
  resolved "https://registry.yarnpkg.com/spin.js/-/spin.js-2.3.2.tgz#6caa56d520673450fd5cfbc6971e6d0772c37a1a"

what-input@^4.1.3:
  version "4.3.1"
  resolved "https://registry.yarnpkg.com/what-input/-/what-input-4.3.1.tgz#b8ea7554ba1d9171887c4c6addf28185fec3d31d"
